
Microsoft Visual Studio Solution File, Format Version 12.00
# Visual Studio 15
VisualStudioVersion = 15.0.27130.2036
MinimumVisualStudioVersion = 10.0.40219.1
Project("{FAE04EC0-301F-11D3-BF4B-00C04F79EFBC}") = "Lab 2", "Lab 2\Lab 2.csproj", "{CC84E836-AD74-4F7A-B2D8-64E569F88A32}"
EndProject
Global
	GlobalSection(SolutionConfigurationPlatforms) = preSolution
		Debug|Any CPU = Debug|Any CPU
		Release|Any CPU = Release|Any CPU
	EndGlobalSection
	GlobalSection(ProjectConfigurationPlatforms) = postSolution
		{CC84E836-AD74-4F7A-B2D8-64E569F88A32}.Debug|Any CPU.ActiveCfg = Debug|Any CPU
		{CC84E836-AD74-4F7A-B2D8-64E569F88A32}.Debug|Any CPU.Build.0 = Debug|Any CPU
		{CC84E836-AD74-4F7A-B2D8-64E569F88A32}.Release|Any CPU.ActiveCfg = Release|Any CPU
		{CC84E836-AD74-4F7A-B2D8-64E569F88A32}.Release|Any CPU.Build.0 = Release|Any CPU
	EndGlobalSection
	GlobalSection(SolutionProperties) = preSolution
		HideSolutionNode = FALSE
	EndGlobalSection
	GlobalSection(ExtensibilityGlobals) = postSolution
		SolutionGuid = {A9A14782-994F-488D-A203-58C1DABE976D}
	EndGlobalSection
EndGlobal
